# This file is automatically @generated by Poetry 1.7.1 and should not be changed by hand.

[[package]]
name = "cement"
version = "3.0.8"
description = "Application Framework for Python"
optional = false
python-versions = ">=3.5"
files = [
    {file = "cement-3.0.8-py3-none-any.whl", hash = "sha256:6bea33b89d3329c405ca4119b7da402b53b7c2c402e98cda371e882d5a2f485e"},
    {file = "cement-3.0.8.tar.gz", hash = "sha256:ad11a694665e2ad28457c560494f4f8c36a25fc58e500d608a9d91e04e1d3093"},
]

[package.extras]
colorlog = ["colorlog"]
generate = ["pyYaml"]
jinja2 = ["jinja2"]
memcached = ["pylibmc"]
mustache = ["pystache"]
redis = ["redis"]
tabulate = ["tabulate"]
watchdog = ["watchdog"]
yaml = ["pyYaml"]

[metadata]
lock-version = "2.0"
python-versions = "^3.9"
content-hash = "42cd609d10a7b19db2a558d18dc2db5a33e1097d663330d2010e1a687137af8a"
