# This file is automatically @generated by Poetry 1.5.1 and should not be changed by hand.

[[package]]
name = "cement"
version = "3.0.8"
description = "Application Framework for Python"
optional = false
python-versions = ">=3.5"
files = [
    {file = "cement-3.0.8-py3-none-any.whl", hash = "sha256:6bea33b89d3329c405ca4119b7da402b53b7c2c402e98cda371e882d5a2f485e"},
    {file = "cement-3.0.8.tar.gz", hash = "sha256:ad11a694665e2ad28457c560494f4f8c36a25fc58e500d608a9d91e04e1d3093"},
]

[package.extras]
colorlog = ["colorlog"]
generate = ["pyYaml"]
jinja2 = ["jinja2"]
memcached = ["pylibmc"]
mustache = ["pystache"]
redis = ["redis"]
tabulate = ["tabulate"]
watchdog = ["watchdog"]
yaml = ["pyYaml"]

[[package]]
name = "shortuuid"
version = "1.0.11"
description = "A generator library for concise, unambiguous and URL-safe UUIDs."
optional = false
python-versions = ">=3.5"
files = [
    {file = "shortuuid-1.0.11-py3-none-any.whl", hash = "sha256:27ea8f28b1bd0bf8f15057a3ece57275d2059d2b0bb02854f02189962c13b6aa"},
    {file = "shortuuid-1.0.11.tar.gz", hash = "sha256:fc75f2615914815a8e4cb1501b3a513745cb66ef0fd5fc6fb9f8c3fa3481f789"},
]

[metadata]
lock-version = "2.0"
python-versions = "^3.12"
content-hash = "aa7a0a755009344ea3c1970f71df11238f2289f0286c59fcc2fa5f64ca844898"
